
Microsoft Visual Studio Solution File, Format Version 12.00
Project("{FAE04EC0-301F-11D3-BF4B-00C04F79EFBC}") = "Application", "Application\Application.csproj", "{40A51ABD-57F5-443E-B85B-95D62A96C56A}"
EndProject
Project("{FAE04EC0-301F-11D3-BF4B-00C04F79EFBC}") = "Infrastructure", "Infrastructure\Infrastructure.csproj", "{C78A3CAD-0BC6-433A-9923-7283B0B03023}"
EndProject
Project("{FAE04EC0-301F-11D3-BF4B-00C04F79EFBC}") = "Domain", "Domain\Domain.csproj", "{0512A317-A820-4D2B-B8DF-C0234D5F1D4F}"
EndProject
Project("{FAE04EC0-301F-11D3-BF4B-00C04F79EFBC}") = "Helper", "Helper\Helper.csproj", "{1215C442-ADD6-46A7-964B-6C33ECD53263}"
EndProject
Project("{FAE04EC0-301F-11D3-BF4B-00C04F79EFBC}") = "Blog", "Blog\Blog.csproj", "{5F0C5E3A-6C64-4167-933A-0713D3DD72ED}"
EndProject
Global
	GlobalSection(SolutionConfigurationPlatforms) = preSolution
		Debug|Any CPU = Debug|Any CPU
		Release|Any CPU = Release|Any CPU
	EndGlobalSection
	GlobalSection(ProjectConfigurationPlatforms) = postSolution
		{40A51ABD-57F5-443E-B85B-95D62A96C56A}.Debug|Any CPU.ActiveCfg = Debug|Any CPU
		{40A51ABD-57F5-443E-B85B-95D62A96C56A}.Debug|Any CPU.Build.0 = Debug|Any CPU
		{40A51ABD-57F5-443E-B85B-95D62A96C56A}.Release|Any CPU.ActiveCfg = Release|Any CPU
		{40A51ABD-57F5-443E-B85B-95D62A96C56A}.Release|Any CPU.Build.0 = Release|Any CPU
		{C78A3CAD-0BC6-433A-9923-7283B0B03023}.Debug|Any CPU.ActiveCfg = Debug|Any CPU
		{C78A3CAD-0BC6-433A-9923-7283B0B03023}.Debug|Any CPU.Build.0 = Debug|Any CPU
		{C78A3CAD-0BC6-433A-9923-7283B0B03023}.Release|Any CPU.ActiveCfg = Release|Any CPU
		{C78A3CAD-0BC6-433A-9923-7283B0B03023}.Release|Any CPU.Build.0 = Release|Any CPU
		{0512A317-A820-4D2B-B8DF-C0234D5F1D4F}.Debug|Any CPU.ActiveCfg = Debug|Any CPU
		{0512A317-A820-4D2B-B8DF-C0234D5F1D4F}.Debug|Any CPU.Build.0 = Debug|Any CPU
		{0512A317-A820-4D2B-B8DF-C0234D5F1D4F}.Release|Any CPU.ActiveCfg = Release|Any CPU
		{0512A317-A820-4D2B-B8DF-C0234D5F1D4F}.Release|Any CPU.Build.0 = Release|Any CPU
		{1215C442-ADD6-46A7-964B-6C33ECD53263}.Debug|Any CPU.ActiveCfg = Debug|Any CPU
		{1215C442-ADD6-46A7-964B-6C33ECD53263}.Debug|Any CPU.Build.0 = Debug|Any CPU
		{1215C442-ADD6-46A7-964B-6C33ECD53263}.Release|Any CPU.ActiveCfg = Release|Any CPU
		{1215C442-ADD6-46A7-964B-6C33ECD53263}.Release|Any CPU.Build.0 = Release|Any CPU
		{5F0C5E3A-6C64-4167-933A-0713D3DD72ED}.Debug|Any CPU.ActiveCfg = Debug|Any CPU
		{5F0C5E3A-6C64-4167-933A-0713D3DD72ED}.Debug|Any CPU.Build.0 = Debug|Any CPU
		{5F0C5E3A-6C64-4167-933A-0713D3DD72ED}.Release|Any CPU.ActiveCfg = Release|Any CPU
		{5F0C5E3A-6C64-4167-933A-0713D3DD72ED}.Release|Any CPU.Build.0 = Release|Any CPU
	EndGlobalSection
EndGlobal
